
Microsoft Visual Studio Solution File, Format Version 12.00
# Visual Studio 14
VisualStudioVersion = 14.0.25420.1
MinimumVisualStudioVersion = 10.0.40219.1
Project("{8BC9CEB8-8B4A-11D0-8D11-00A0C91BC942}") = "UIPLib", "UIPLib\UIPLib.vcxproj", "{A714BC06-47DA-4243-B45B-4C983CA56DF3}"
EndProject
Project("{8BC9CEB8-8B4A-11D0-8D11-00A0C91BC942}") = "UIPPaint", "UIPPaint\UIPPaint.vcxproj", "{D8C74B93-F31B-424F-8C9F-CF00E496C1BA}"
EndProject
Project("{8BC9CEB8-8B4A-11D0-8D11-00A0C91BC942}") = "UIPTest", "UIPTest\UIPTest.vcxproj", "{7C18D6CC-8490-47BD-BFBA-5BD4E7E3F969}"
EndProject
Project("{8BC9CEB8-8B4A-11D0-8D11-00A0C91BC942}") = "UIPAnimation", "UIPAnimation\UIPAnimation.vcxproj", "{3F1E3C1B-94D4-41E8-BAE8-FA468C6502B0}"
EndProject
Project("{8BC9CEB8-8B4A-11D0-8D11-00A0C91BC942}") = "UIPControl", "UIPControl\UIPControl.vcxproj", "{4AF129A5-B8CC-49D7-850B-EB8B51450F17}"
EndProject
Project("{8BC9CEB8-8B4A-11D0-8D11-00A0C91BC942}") = "Proxy_Interpreter", "Interpreter\Interpreter.vcxproj", "{46D13279-329F-4703-B488-0FDB35BDD092}"
EndProject
Global
	GlobalSection(SolutionConfigurationPlatforms) = preSolution
		Debug|Win32 = Debug|Win32
		Release|Win32 = Release|Win32
	EndGlobalSection
	GlobalSection(ProjectConfigurationPlatforms) = postSolution
		{A714BC06-47DA-4243-B45B-4C983CA56DF3}.Debug|Win32.ActiveCfg = Debug|Win32
		{A714BC06-47DA-4243-B45B-4C983CA56DF3}.Debug|Win32.Build.0 = Debug|Win32
		{A714BC06-47DA-4243-B45B-4C983CA56DF3}.Release|Win32.ActiveCfg = Release|Win32
		{A714BC06-47DA-4243-B45B-4C983CA56DF3}.Release|Win32.Build.0 = Release|Win32
		{D8C74B93-F31B-424F-8C9F-CF00E496C1BA}.Debug|Win32.ActiveCfg = Debug|Win32
		{D8C74B93-F31B-424F-8C9F-CF00E496C1BA}.Debug|Win32.Build.0 = Debug|Win32
		{D8C74B93-F31B-424F-8C9F-CF00E496C1BA}.Release|Win32.ActiveCfg = Release|Win32
		{D8C74B93-F31B-424F-8C9F-CF00E496C1BA}.Release|Win32.Build.0 = Release|Win32
		{7C18D6CC-8490-47BD-BFBA-5BD4E7E3F969}.Debug|Win32.ActiveCfg = Debug|Win32
		{7C18D6CC-8490-47BD-BFBA-5BD4E7E3F969}.Debug|Win32.Build.0 = Debug|Win32
		{7C18D6CC-8490-47BD-BFBA-5BD4E7E3F969}.Release|Win32.ActiveCfg = Release|Win32
		{7C18D6CC-8490-47BD-BFBA-5BD4E7E3F969}.Release|Win32.Build.0 = Release|Win32
		{3F1E3C1B-94D4-41E8-BAE8-FA468C6502B0}.Debug|Win32.ActiveCfg = Debug|Win32
		{3F1E3C1B-94D4-41E8-BAE8-FA468C6502B0}.Debug|Win32.Build.0 = Debug|Win32
		{3F1E3C1B-94D4-41E8-BAE8-FA468C6502B0}.Release|Win32.ActiveCfg = Release|Win32
		{3F1E3C1B-94D4-41E8-BAE8-FA468C6502B0}.Release|Win32.Build.0 = Release|Win32
		{4AF129A5-B8CC-49D7-850B-EB8B51450F17}.Debug|Win32.ActiveCfg = Debug|Win32
		{4AF129A5-B8CC-49D7-850B-EB8B51450F17}.Debug|Win32.Build.0 = Debug|Win32
		{4AF129A5-B8CC-49D7-850B-EB8B51450F17}.Release|Win32.ActiveCfg = Release|Win32
		{4AF129A5-B8CC-49D7-850B-EB8B51450F17}.Release|Win32.Build.0 = Release|Win32
		{46D13279-329F-4703-B488-0FDB35BDD092}.Debug|Win32.ActiveCfg = Debug|Win32
		{46D13279-329F-4703-B488-0FDB35BDD092}.Debug|Win32.Build.0 = Debug|Win32
		{46D13279-329F-4703-B488-0FDB35BDD092}.Release|Win32.ActiveCfg = Release|Win32
		{46D13279-329F-4703-B488-0FDB35BDD092}.Release|Win32.Build.0 = Release|Win32
	EndGlobalSection
	GlobalSection(SolutionProperties) = preSolution
		HideSolutionNode = FALSE
	EndGlobalSection
EndGlobal
